
Microsoft Visual Studio Solution File, Format Version 12.00
# Visual Studio 15
VisualStudioVersion = 15.0.26730.16
MinimumVisualStudioVersion = 10.0.40219.1
Project("{9A19103F-16F7-4668-BE54-9A1E7A4F7556}") = "TeamSpeak3.Metrics", "src\TeamSpeak3.Metrics\TeamSpeak3.Metrics.csproj", "{3146CF95-F2C3-4F31-AFE7-5076FD0A2CF6}"
EndProject
Project("{9A19103F-16F7-4668-BE54-9A1E7A4F7556}") = "TeamSpeak3.Metrics.Test", "test\TeamSpeak3.Metrics.Test\TeamSpeak3.Metrics.Test.csproj", "{9188B9C1-C4DD-499B-A7EB-BD38BA1C4194}"
EndProject
Project("{2150E333-8FDC-42A3-9474-1A3956D46DE8}") = "build", "build", "{CDF3BD96-D08C-4B91-8026-7F38EAADBD91}"
	ProjectSection(SolutionItems) = preProject
		build\common.props = build\common.props
	EndProjectSection
EndProject
Project("{2150E333-8FDC-42A3-9474-1A3956D46DE8}") = "Solution Items", "Solution Items", "{A8BB09DA-E0C8-47AB-BD05-497823A4F371}"
	ProjectSection(SolutionItems) = preProject
		.gitignore = .gitignore
		README.md = README.md
		TeamSpeak3.Metrics.ruleset = TeamSpeak3.Metrics.ruleset
	EndProjectSection
EndProject
Global
	GlobalSection(SolutionConfigurationPlatforms) = preSolution
		Debug|Any CPU = Debug|Any CPU
		Release|Any CPU = Release|Any CPU
	EndGlobalSection
	GlobalSection(ProjectConfigurationPlatforms) = postSolution
		{3146CF95-F2C3-4F31-AFE7-5076FD0A2CF6}.Debug|Any CPU.ActiveCfg = Debug|Any CPU
		{3146CF95-F2C3-4F31-AFE7-5076FD0A2CF6}.Debug|Any CPU.Build.0 = Debug|Any CPU
		{3146CF95-F2C3-4F31-AFE7-5076FD0A2CF6}.Release|Any CPU.ActiveCfg = Release|Any CPU
		{3146CF95-F2C3-4F31-AFE7-5076FD0A2CF6}.Release|Any CPU.Build.0 = Release|Any CPU
		{9188B9C1-C4DD-499B-A7EB-BD38BA1C4194}.Debug|Any CPU.ActiveCfg = Debug|Any CPU
		{9188B9C1-C4DD-499B-A7EB-BD38BA1C4194}.Debug|Any CPU.Build.0 = Debug|Any CPU
		{9188B9C1-C4DD-499B-A7EB-BD38BA1C4194}.Release|Any CPU.ActiveCfg = Release|Any CPU
		{9188B9C1-C4DD-499B-A7EB-BD38BA1C4194}.Release|Any CPU.Build.0 = Release|Any CPU
	EndGlobalSection
	GlobalSection(SolutionProperties) = preSolution
		HideSolutionNode = FALSE
	EndGlobalSection
	GlobalSection(ExtensibilityGlobals) = postSolution
		SolutionGuid = {D34C7796-2E55-495D-8834-DE4E896C680C}
	EndGlobalSection
EndGlobal
